
Microsoft Visual Studio Solution File, Format Version 12.00
# Visual Studio Version 17
VisualStudioVersion = 17.14.36401.2
MinimumVisualStudioVersion = 10.0.40219.1
Project("{FAE04EC0-301F-11D3-BF4B-00C04F79EFBC}") = "PEPScanner.API", "src\backend\PEPScanner.API\PEPScanner.API.csproj", "{A0D0F1EF-2DBB-9C94-BCFF-2E5DB0BC27D8}"
EndProject
Project("{FAE04EC0-301F-11D3-BF4B-00C04F79EFBC}") = "PEPScanner.Domain", "src\backend\PEPScanner.Domain\PEPScanner.Domain.csproj", "{E5E6F8F0-9BA7-4F4B-BA06-B6EE6AD103C4}"
EndProject
Project("{FAE04EC0-301F-11D3-BF4B-00C04F79EFBC}") = "PEPScanner.Application", "src\backend\PEPScanner.Application\PEPScanner.Application.csproj", "{7B96BAAD-362A-4730-A654-EA6FE7563FCB}"
EndProject
Project("{FAE04EC0-301F-11D3-BF4B-00C04F79EFBC}") = "PEPScanner.Infrastructure", "src\backend\PEPScanner.Infrastructure\PEPScanner.Infrastructure.csproj", "{27085447-4705-4FF0-84B1-E4979D109030}"
EndProject
Project("{FAE04EC0-301F-11D3-BF4B-00C04F79EFBC}") = "PEPScanner.Tests", "tests\PEPScanner.Tests\PEPScanner.Tests.csproj", "{A1B2C3D4-E5F6-7890-ABCD-EF1234567890}"
EndProject
Global
	GlobalSection(SolutionConfigurationPlatforms) = preSolution
		Debug|Any CPU = Debug|Any CPU
		Debug|x64 = Debug|x64
		Debug|x86 = Debug|x86
		Release|Any CPU = Release|Any CPU
		Release|x64 = Release|x64
		Release|x86 = Release|x86
	EndGlobalSection
	GlobalSection(ProjectConfigurationPlatforms) = postSolution
		{A0D0F1EF-2DBB-9C94-BCFF-2E5DB0BC27D8}.Debug|Any CPU.ActiveCfg = Debug|Any CPU
		{A0D0F1EF-2DBB-9C94-BCFF-2E5DB0BC27D8}.Debug|Any CPU.Build.0 = Debug|Any CPU
		{A0D0F1EF-2DBB-9C94-BCFF-2E5DB0BC27D8}.Debug|x64.ActiveCfg = Debug|Any CPU
		{A0D0F1EF-2DBB-9C94-BCFF-2E5DB0BC27D8}.Debug|x64.Build.0 = Debug|Any CPU
		{A0D0F1EF-2DBB-9C94-BCFF-2E5DB0BC27D8}.Debug|x86.ActiveCfg = Debug|Any CPU
		{A0D0F1EF-2DBB-9C94-BCFF-2E5DB0BC27D8}.Debug|x86.Build.0 = Debug|Any CPU
		{A0D0F1EF-2DBB-9C94-BCFF-2E5DB0BC27D8}.Release|Any CPU.ActiveCfg = Release|Any CPU
		{A0D0F1EF-2DBB-9C94-BCFF-2E5DB0BC27D8}.Release|Any CPU.Build.0 = Release|Any CPU
		{A0D0F1EF-2DBB-9C94-BCFF-2E5DB0BC27D8}.Release|x64.ActiveCfg = Release|Any CPU
		{A0D0F1EF-2DBB-9C94-BCFF-2E5DB0BC27D8}.Release|x64.Build.0 = Release|Any CPU
		{A0D0F1EF-2DBB-9C94-BCFF-2E5DB0BC27D8}.Release|x86.ActiveCfg = Release|Any CPU
		{A0D0F1EF-2DBB-9C94-BCFF-2E5DB0BC27D8}.Release|x86.Build.0 = Release|Any CPU
		{E5E6F8F0-9BA7-4F4B-BA06-B6EE6AD103C4}.Debug|Any CPU.ActiveCfg = Debug|Any CPU
		{E5E6F8F0-9BA7-4F4B-BA06-B6EE6AD103C4}.Debug|Any CPU.Build.0 = Debug|Any CPU
		{E5E6F8F0-9BA7-4F4B-BA06-B6EE6AD103C4}.Debug|x64.ActiveCfg = Debug|Any CPU
		{E5E6F8F0-9BA7-4F4B-BA06-B6EE6AD103C4}.Debug|x64.Build.0 = Debug|Any CPU
		{E5E6F8F0-9BA7-4F4B-BA06-B6EE6AD103C4}.Debug|x86.ActiveCfg = Debug|Any CPU
		{E5E6F8F0-9BA7-4F4B-BA06-B6EE6AD103C4}.Debug|x86.Build.0 = Debug|Any CPU
		{E5E6F8F0-9BA7-4F4B-BA06-B6EE6AD103C4}.Release|Any CPU.ActiveCfg = Release|Any CPU
		{E5E6F8F0-9BA7-4F4B-BA06-B6EE6AD103C4}.Release|Any CPU.Build.0 = Release|Any CPU
		{E5E6F8F0-9BA7-4F4B-BA06-B6EE6AD103C4}.Release|x64.ActiveCfg = Release|Any CPU
		{E5E6F8F0-9BA7-4F4B-BA06-B6EE6AD103C4}.Release|x64.Build.0 = Release|Any CPU
		{E5E6F8F0-9BA7-4F4B-BA06-B6EE6AD103C4}.Release|x86.ActiveCfg = Release|Any CPU
		{E5E6F8F0-9BA7-4F4B-BA06-B6EE6AD103C4}.Release|x86.Build.0 = Release|Any CPU
		{7B96BAAD-362A-4730-A654-EA6FE7563FCB}.Debug|Any CPU.ActiveCfg = Debug|Any CPU
		{7B96BAAD-362A-4730-A654-EA6FE7563FCB}.Debug|Any CPU.Build.0 = Debug|Any CPU
		{7B96BAAD-362A-4730-A654-EA6FE7563FCB}.Debug|x64.ActiveCfg = Debug|Any CPU
		{7B96BAAD-362A-4730-A654-EA6FE7563FCB}.Debug|x64.Build.0 = Debug|Any CPU
		{7B96BAAD-362A-4730-A654-EA6FE7563FCB}.Debug|x86.ActiveCfg = Debug|Any CPU
		{7B96BAAD-362A-4730-A654-EA6FE7563FCB}.Debug|x86.Build.0 = Debug|Any CPU
		{7B96BAAD-362A-4730-A654-EA6FE7563FCB}.Release|Any CPU.ActiveCfg = Release|Any CPU
		{7B96BAAD-362A-4730-A654-EA6FE7563FCB}.Release|Any CPU.Build.0 = Release|Any CPU
		{7B96BAAD-362A-4730-A654-EA6FE7563FCB}.Release|x64.ActiveCfg = Release|Any CPU
		{7B96BAAD-362A-4730-A654-EA6FE7563FCB}.Release|x64.Build.0 = Release|Any CPU
		{7B96BAAD-362A-4730-A654-EA6FE7563FCB}.Release|x86.ActiveCfg = Release|Any CPU
		{7B96BAAD-362A-4730-A654-EA6FE7563FCB}.Release|x86.Build.0 = Release|Any CPU
		{27085447-4705-4FF0-84B1-E4979D109030}.Debug|Any CPU.ActiveCfg = Debug|Any CPU
		{27085447-4705-4FF0-84B1-E4979D109030}.Debug|Any CPU.Build.0 = Debug|Any CPU
		{27085447-4705-4FF0-84B1-E4979D109030}.Debug|x64.ActiveCfg = Debug|Any CPU
		{27085447-4705-4FF0-84B1-E4979D109030}.Debug|x64.Build.0 = Debug|Any CPU
		{27085447-4705-4FF0-84B1-E4979D109030}.Debug|x86.ActiveCfg = Debug|Any CPU
		{27085447-4705-4FF0-84B1-E4979D109030}.Debug|x86.Build.0 = Debug|Any CPU
		{27085447-4705-4FF0-84B1-E4979D109030}.Release|Any CPU.ActiveCfg = Release|Any CPU
		{27085447-4705-4FF0-84B1-E4979D109030}.Release|Any CPU.Build.0 = Release|Any CPU
		{27085447-4705-4FF0-84B1-E4979D109030}.Release|x64.ActiveCfg = Release|Any CPU
		{27085447-4705-4FF0-84B1-E4979D109030}.Release|x64.Build.0 = Release|Any CPU
		{27085447-4705-4FF0-84B1-E4979D109030}.Release|x86.ActiveCfg = Release|Any CPU
		{27085447-4705-4FF0-84B1-E4979D109030}.Release|x86.Build.0 = Release|Any CPU
		{A1B2C3D4-E5F6-7890-ABCD-EF1234567890}.Debug|Any CPU.ActiveCfg = Debug|Any CPU
		{A1B2C3D4-E5F6-7890-ABCD-EF1234567890}.Debug|Any CPU.Build.0 = Debug|Any CPU
		{A1B2C3D4-E5F6-7890-ABCD-EF1234567890}.Debug|x64.ActiveCfg = Debug|Any CPU
		{A1B2C3D4-E5F6-7890-ABCD-EF1234567890}.Debug|x64.Build.0 = Debug|Any CPU
		{A1B2C3D4-E5F6-7890-ABCD-EF1234567890}.Debug|x86.ActiveCfg = Debug|Any CPU
		{A1B2C3D4-E5F6-7890-ABCD-EF1234567890}.Debug|x86.Build.0 = Debug|Any CPU
		{A1B2C3D4-E5F6-7890-ABCD-EF1234567890}.Release|Any CPU.ActiveCfg = Release|Any CPU
		{A1B2C3D4-E5F6-7890-ABCD-EF1234567890}.Release|Any CPU.Build.0 = Release|Any CPU
		{A1B2C3D4-E5F6-7890-ABCD-EF1234567890}.Release|x64.ActiveCfg = Release|Any CPU
		{A1B2C3D4-E5F6-7890-ABCD-EF1234567890}.Release|x64.Build.0 = Release|Any CPU
		{A1B2C3D4-E5F6-7890-ABCD-EF1234567890}.Release|x86.ActiveCfg = Release|Any CPU
		{A1B2C3D4-E5F6-7890-ABCD-EF1234567890}.Release|x86.Build.0 = Release|Any CPU
	EndGlobalSection
	GlobalSection(SolutionProperties) = preSolution
		HideSolutionNode = FALSE
	EndGlobalSection
	GlobalSection(ExtensibilityGlobals) = postSolution
		SolutionGuid = {2BCB92E8-2C1B-46D2-BA1E-B0890D4F88A1}
	EndGlobalSection
EndGlobal
